
Microsoft Visual Studio Solution File, Format Version 12.00
# Visual Studio Version 16
VisualStudioVersion = 16.0.30225.117
MinimumVisualStudioVersion = 10.0.40219.1
Project("{FAE04EC0-301F-11D3-BF4B-00C04F79EFBC}") = "EdgeManualDisabler", "EdgeManualDisabler.csproj", "{8A11967A-A722-46F8-85B3-ADEBCC0594EB}"
EndProject
Global
	GlobalSection(SolutionConfigurationPlatforms) = preSolution
		Debug|Any CPU = Debug|Any CPU
		Release|Any CPU = Release|Any CPU
	EndGlobalSection
	GlobalSection(ProjectConfigurationPlatforms) = postSolution
		{8A11967A-A722-46F8-85B3-ADEBCC0594EB}.Debug|Any CPU.ActiveCfg = Debug|Any CPU
		{8A11967A-A722-46F8-85B3-ADEBCC0594EB}.Debug|Any CPU.Build.0 = Debug|Any CPU
		{8A11967A-A722-46F8-85B3-ADEBCC0594EB}.Release|Any CPU.ActiveCfg = Release|Any CPU
		{8A11967A-A722-46F8-85B3-ADEBCC0594EB}.Release|Any CPU.Build.0 = Release|Any CPU
	EndGlobalSection
	GlobalSection(SolutionProperties) = preSolution
		HideSolutionNode = FALSE
	EndGlobalSection
	GlobalSection(ExtensibilityGlobals) = postSolution
		SolutionGuid = {237DA19D-12B5-45DA-B37A-EEE6146A8DD5}
	EndGlobalSection
EndGlobal
